
Microsoft Visual Studio Solution File, Format Version 12.00
# Visual Studio 15
VisualStudioVersion = 15.0.27703.2047
MinimumVisualStudioVersion = 10.0.40219.1
Project("{2150E333-8FDC-42A3-9474-1A3956D46DE8}") = "Json", "Json", "{8713421E-CFA5-48E4-83CC-B82FC1BA7810}"
EndProject
Project("{FAE04EC0-301F-11D3-BF4B-00C04F79EFBC}") = "DemoJson01", "DemoJson01\DemoJson01.csproj", "{3CF544B0-322D-40AA-947F-240200AE62C7}"
EndProject
Global
	GlobalSection(SolutionConfigurationPlatforms) = preSolution
		Debug|Any CPU = Debug|Any CPU
		Release|Any CPU = Release|Any CPU
	EndGlobalSection
	GlobalSection(ProjectConfigurationPlatforms) = postSolution
		{3CF544B0-322D-40AA-947F-240200AE62C7}.Debug|Any CPU.ActiveCfg = Debug|Any CPU
		{3CF544B0-322D-40AA-947F-240200AE62C7}.Debug|Any CPU.Build.0 = Debug|Any CPU
		{3CF544B0-322D-40AA-947F-240200AE62C7}.Release|Any CPU.ActiveCfg = Release|Any CPU
		{3CF544B0-322D-40AA-947F-240200AE62C7}.Release|Any CPU.Build.0 = Release|Any CPU
	EndGlobalSection
	GlobalSection(SolutionProperties) = preSolution
		HideSolutionNode = FALSE
	EndGlobalSection
	GlobalSection(NestedProjects) = preSolution
		{3CF544B0-322D-40AA-947F-240200AE62C7} = {8713421E-CFA5-48E4-83CC-B82FC1BA7810}
	EndGlobalSection
	GlobalSection(ExtensibilityGlobals) = postSolution
		SolutionGuid = {2804E342-DFEE-401C-AFF3-4E8772F0153E}
	EndGlobalSection
EndGlobal
