
Microsoft Visual Studio Solution File, Format Version 12.00
# Visual Studio 15
VisualStudioVersion = 15.0.27703.2047
MinimumVisualStudioVersion = 10.0.40219.1
Project("{9A19103F-16F7-4668-BE54-9A1E7A4F7556}") = "WorkshopJSON", "WorkshopJSON\WorkshopJSON.csproj", "{064C1F43-B91D-41F7-803C-1328C1A6C45A}"
EndProject
Project("{9A19103F-16F7-4668-BE54-9A1E7A4F7556}") = "WorkshopJsonDemo2", "WorkshopJsonDemo2\WorkshopJsonDemo2.csproj", "{572A6546-DA16-44FB-A7A5-2C358DE54FB8}"
EndProject
Project("{FAE04EC0-301F-11D3-BF4B-00C04F79EFBC}") = "LabJson02", "LabJson02\LabJson02.csproj", "{D8F1A5CE-066D-493A-8425-21A6E60D071E}"
EndProject
Project("{2150E333-8FDC-42A3-9474-1A3956D46DE8}") = "Json", "Json", "{58152B1E-FE04-4B23-B3F1-68254FC42E52}"
EndProject
Project("{2150E333-8FDC-42A3-9474-1A3956D46DE8}") = "Xml", "Xml", "{1C1F860B-BEA6-458A-9BEE-0F0131EB43E3}"
EndProject
Project("{FAE04EC0-301F-11D3-BF4B-00C04F79EFBC}") = "XMLDemo", "XMLDemo\XMLDemo.csproj", "{537044E9-5CEB-4E36-B650-BE08491D939B}"
EndProject
Project("{FAE04EC0-301F-11D3-BF4B-00C04F79EFBC}") = "XMLDemo2", "XMLDemo2\XMLDemo2.csproj", "{61957A69-49D7-4585-B100-8E696066C627}"
EndProject
Project("{FAE04EC0-301F-11D3-BF4B-00C04F79EFBC}") = "DemoXMLSchemas", "DemoXMLSchemas\DemoXMLSchemas.csproj", "{38B7ACFB-5580-4686-8B4B-540470BAE1D4}"
EndProject
Global
	GlobalSection(SolutionConfigurationPlatforms) = preSolution
		Debug|Any CPU = Debug|Any CPU
		Release|Any CPU = Release|Any CPU
	EndGlobalSection
	GlobalSection(ProjectConfigurationPlatforms) = postSolution
		{064C1F43-B91D-41F7-803C-1328C1A6C45A}.Debug|Any CPU.ActiveCfg = Debug|Any CPU
		{064C1F43-B91D-41F7-803C-1328C1A6C45A}.Debug|Any CPU.Build.0 = Debug|Any CPU
		{064C1F43-B91D-41F7-803C-1328C1A6C45A}.Release|Any CPU.ActiveCfg = Release|Any CPU
		{064C1F43-B91D-41F7-803C-1328C1A6C45A}.Release|Any CPU.Build.0 = Release|Any CPU
		{572A6546-DA16-44FB-A7A5-2C358DE54FB8}.Debug|Any CPU.ActiveCfg = Debug|Any CPU
		{572A6546-DA16-44FB-A7A5-2C358DE54FB8}.Debug|Any CPU.Build.0 = Debug|Any CPU
		{572A6546-DA16-44FB-A7A5-2C358DE54FB8}.Release|Any CPU.ActiveCfg = Release|Any CPU
		{572A6546-DA16-44FB-A7A5-2C358DE54FB8}.Release|Any CPU.Build.0 = Release|Any CPU
		{D8F1A5CE-066D-493A-8425-21A6E60D071E}.Debug|Any CPU.ActiveCfg = Debug|Any CPU
		{D8F1A5CE-066D-493A-8425-21A6E60D071E}.Debug|Any CPU.Build.0 = Debug|Any CPU
		{D8F1A5CE-066D-493A-8425-21A6E60D071E}.Release|Any CPU.ActiveCfg = Release|Any CPU
		{D8F1A5CE-066D-493A-8425-21A6E60D071E}.Release|Any CPU.Build.0 = Release|Any CPU
		{537044E9-5CEB-4E36-B650-BE08491D939B}.Debug|Any CPU.ActiveCfg = Debug|Any CPU
		{537044E9-5CEB-4E36-B650-BE08491D939B}.Debug|Any CPU.Build.0 = Debug|Any CPU
		{537044E9-5CEB-4E36-B650-BE08491D939B}.Release|Any CPU.ActiveCfg = Release|Any CPU
		{537044E9-5CEB-4E36-B650-BE08491D939B}.Release|Any CPU.Build.0 = Release|Any CPU
		{61957A69-49D7-4585-B100-8E696066C627}.Debug|Any CPU.ActiveCfg = Debug|Any CPU
		{61957A69-49D7-4585-B100-8E696066C627}.Debug|Any CPU.Build.0 = Debug|Any CPU
		{61957A69-49D7-4585-B100-8E696066C627}.Release|Any CPU.ActiveCfg = Release|Any CPU
		{61957A69-49D7-4585-B100-8E696066C627}.Release|Any CPU.Build.0 = Release|Any CPU
		{38B7ACFB-5580-4686-8B4B-540470BAE1D4}.Debug|Any CPU.ActiveCfg = Debug|Any CPU
		{38B7ACFB-5580-4686-8B4B-540470BAE1D4}.Debug|Any CPU.Build.0 = Debug|Any CPU
		{38B7ACFB-5580-4686-8B4B-540470BAE1D4}.Release|Any CPU.ActiveCfg = Release|Any CPU
		{38B7ACFB-5580-4686-8B4B-540470BAE1D4}.Release|Any CPU.Build.0 = Release|Any CPU
	EndGlobalSection
	GlobalSection(SolutionProperties) = preSolution
		HideSolutionNode = FALSE
	EndGlobalSection
	GlobalSection(NestedProjects) = preSolution
		{064C1F43-B91D-41F7-803C-1328C1A6C45A} = {58152B1E-FE04-4B23-B3F1-68254FC42E52}
		{572A6546-DA16-44FB-A7A5-2C358DE54FB8} = {58152B1E-FE04-4B23-B3F1-68254FC42E52}
		{D8F1A5CE-066D-493A-8425-21A6E60D071E} = {58152B1E-FE04-4B23-B3F1-68254FC42E52}
		{537044E9-5CEB-4E36-B650-BE08491D939B} = {1C1F860B-BEA6-458A-9BEE-0F0131EB43E3}
		{61957A69-49D7-4585-B100-8E696066C627} = {1C1F860B-BEA6-458A-9BEE-0F0131EB43E3}
		{38B7ACFB-5580-4686-8B4B-540470BAE1D4} = {1C1F860B-BEA6-458A-9BEE-0F0131EB43E3}
	EndGlobalSection
	GlobalSection(ExtensibilityGlobals) = postSolution
		SolutionGuid = {F0562858-F1FC-4696-B152-BF715A3E1488}
	EndGlobalSection
EndGlobal
