
Microsoft Visual Studio Solution File, Format Version 12.00
# Visual Studio 15
VisualStudioVersion = 15.0.27703.2047
MinimumVisualStudioVersion = 10.0.40219.1
Project("{FAE04EC0-301F-11D3-BF4B-00C04F79EFBC}") = "WorkshopJSON", "WorkshopJSON\WorkshopJSON.csproj", "{064C1F43-B91D-41F7-803C-1328C1A6C45A}"
EndProject
Project("{FAE04EC0-301F-11D3-BF4B-00C04F79EFBC}") = "WorkshopJsonDemo2", "WorkshopJsonDemo2\WorkshopJsonDemo2.csproj", "{572A6546-DA16-44FB-A7A5-2C358DE54FB8}"
EndProject
Project("{FAE04EC0-301F-11D3-BF4B-00C04F79EFBC}") = "LabJson02", "LabJson02\LabJson02.csproj", "{D8F1A5CE-066D-493A-8425-21A6E60D071E}"
EndProject
Global
	GlobalSection(SolutionConfigurationPlatforms) = preSolution
		Debug|Any CPU = Debug|Any CPU
		Release|Any CPU = Release|Any CPU
	EndGlobalSection
	GlobalSection(ProjectConfigurationPlatforms) = postSolution
		{064C1F43-B91D-41F7-803C-1328C1A6C45A}.Debug|Any CPU.ActiveCfg = Debug|Any CPU
		{064C1F43-B91D-41F7-803C-1328C1A6C45A}.Debug|Any CPU.Build.0 = Debug|Any CPU
		{064C1F43-B91D-41F7-803C-1328C1A6C45A}.Release|Any CPU.ActiveCfg = Release|Any CPU
		{064C1F43-B91D-41F7-803C-1328C1A6C45A}.Release|Any CPU.Build.0 = Release|Any CPU
		{572A6546-DA16-44FB-A7A5-2C358DE54FB8}.Debug|Any CPU.ActiveCfg = Debug|Any CPU
		{572A6546-DA16-44FB-A7A5-2C358DE54FB8}.Debug|Any CPU.Build.0 = Debug|Any CPU
		{572A6546-DA16-44FB-A7A5-2C358DE54FB8}.Release|Any CPU.ActiveCfg = Release|Any CPU
		{572A6546-DA16-44FB-A7A5-2C358DE54FB8}.Release|Any CPU.Build.0 = Release|Any CPU
		{D8F1A5CE-066D-493A-8425-21A6E60D071E}.Debug|Any CPU.ActiveCfg = Debug|Any CPU
		{D8F1A5CE-066D-493A-8425-21A6E60D071E}.Debug|Any CPU.Build.0 = Debug|Any CPU
		{D8F1A5CE-066D-493A-8425-21A6E60D071E}.Release|Any CPU.ActiveCfg = Release|Any CPU
		{D8F1A5CE-066D-493A-8425-21A6E60D071E}.Release|Any CPU.Build.0 = Release|Any CPU
	EndGlobalSection
	GlobalSection(SolutionProperties) = preSolution
		HideSolutionNode = FALSE
	EndGlobalSection
	GlobalSection(ExtensibilityGlobals) = postSolution
		SolutionGuid = {F0562858-F1FC-4696-B152-BF715A3E1488}
	EndGlobalSection
EndGlobal
